{
  "name": "anirudhlakkaraju.github.io",
  "lockfileVersion": 3,
  "requires": true,
  "packages": {
    "": {
      "devDependencies": {
        "postcss-custom-media": "^11.0.3"
      }
    },
    "node_modules/@csstools/cascade-layer-name-parser": {
      "version": "2.0.2",
      "resolved": "https://registry.npmjs.org/@csstools/cascade-layer-name-parser/-/cascade-layer-name-parser-2.0.2.tgz",
      "integrity": "sha512-rRWNJ8n16okpQT+8RWEbPfSl8D9WVoDZGBfHkjYnMYWcC20RiMpu/iGeKqUl1hR+SQIKg6p/QJap5rZJaHtVOg==",
      "dev": true,
      "funding": [
        {
          "type": "github",
          "url": "https://github.com/sponsors/csstools"
        },
        {
          "type": "opencollective",
          "url": "https://opencollective.com/csstools"
        }
      ],
      "license": "MIT",
      "engines": {
        "node": ">=18"
      },
      "peerDependencies": {
        "@csstools/css-parser-algorithms": "^3.0.2",
        "@csstools/css-tokenizer": "^3.0.2"
      }
    },
    "node_modules/@csstools/css-parser-algorithms": {
      "version": "3.0.2",
      "resolved": "https://registry.npmjs.org/@csstools/css-parser-algorithms/-/css-parser-algorithms-3.0.2.tgz",
      "integrity": "sha512-6tC/MnlEvs5suR4Ahef4YlBccJDHZuxGsAlxXmybWjZ5jPxlzLSMlRZ9mVHSRvlD+CmtE7+hJ+UQbfXrws/rUQ==",
      "dev": true,
      "funding": [
        {
          "type": "github",
          "url": "https://github.com/sponsors/csstools"
        },
        {
          "type": "opencollective",
          "url": "https://opencollective.com/csstools"
        }
      ],
      "license": "MIT",
      "engines": {
        "node": ">=18"
      },
      "peerDependencies": {
        "@csstools/css-tokenizer": "^3.0.2"
      }
    },
    "node_modules/@csstools/css-tokenizer": {
      "version": "3.0.2",
      "resolved": "https://registry.npmjs.org/@csstools/css-tokenizer/-/css-tokenizer-3.0.2.tgz",
      "integrity": "sha512-IuTRcD53WHsXPCZ6W7ubfGqReTJ9Ra0yRRFmXYP/Re8hFYYfoIYIK4080X5luslVLWimhIeFq0hj09urVMQzTw==",
      "dev": true,
      "funding": [
        {
          "type": "github",
          "url": "https://github.com/sponsors/csstools"
        },
        {
          "type": "opencollective",
          "url": "https://opencollective.com/csstools"
        }
      ],
      "license": "MIT",
      "engines": {
        "node": ">=18"
      }
    },
    "node_modules/@csstools/media-query-list-parser": {
      "version": "4.0.0",
      "resolved": "https://registry.npmjs.org/@csstools/media-query-list-parser/-/media-query-list-parser-4.0.0.tgz",
      "integrity": "sha512-nUfbCGeqCju55Po8ujRNQ8DjuKYth5UcsDj5HsVzSfqnaFdpOwYCUAhRJ2grfwrXhb9+KuRXHQ6JHzaI0Qhu8Q==",
      "dev": true,
      "funding": [
        {
          "type": "github",
          "url": "https://github.com/sponsors/csstools"
        },
        {
          "type": "opencollective",
          "url": "https://opencollective.com/csstools"
        }
      ],
      "license": "MIT",
      "engines": {
        "node": ">=18"
      },
      "peerDependencies": {
        "@csstools/css-parser-algorithms": "^3.0.2",
        "@csstools/css-tokenizer": "^3.0.2"
      }
    },
    "node_modules/nanoid": {
      "version": "3.3.7",
      "resolved": "https://registry.npmjs.org/nanoid/-/nanoid-3.3.7.tgz",
      "integrity": "sha512-eSRppjcPIatRIMC1U6UngP8XFcz8MQWGQdt1MTBQ7NaAmvXDfvNxbvWV3x2y6CdEUciCSsDHDQZbhYaB8QEo2g==",
      "dev": true,
      "funding": [
        {
          "type": "github",
          "url": "https://github.com/sponsors/ai"
        }
      ],
      "license": "MIT",
      "peer": true,
      "bin": {
        "nanoid": "bin/nanoid.cjs"
      },
      "engines": {
        "node": "^10 || ^12 || ^13.7 || ^14 || >=15.0.1"
      }
    },
    "node_modules/picocolors": {
      "version": "1.1.1",
      "resolved": "https://registry.npmjs.org/picocolors/-/picocolors-1.1.1.tgz",
      "integrity": "sha512-xceH2snhtb5M9liqDsmEw56le376mTZkEX/jEb/RxNFyegNul7eNslCXP9FDj/Lcu0X8KEyMceP2ntpaHrDEVA==",
      "dev": true,
      "license": "ISC",
      "peer": true
    },
    "node_modules/postcss": {
      "version": "8.4.47",
      "resolved": "https://registry.npmjs.org/postcss/-/postcss-8.4.47.tgz",
      "integrity": "sha512-56rxCq7G/XfB4EkXq9Egn5GCqugWvDFjafDOThIdMBsI15iqPqR5r15TfSr1YPYeEI19YeaXMCbY6u88Y76GLQ==",
      "dev": true,
      "funding": [
        {
          "type": "opencollective",
          "url": "https://opencollective.com/postcss/"
        },
        {
          "type": "tidelift",
          "url": "https://tidelift.com/funding/github/npm/postcss"
        },
        {
          "type": "github",
          "url": "https://github.com/sponsors/ai"
        }
      ],
      "license": "MIT",
      "peer": true,
      "dependencies": {
        "nanoid": "^3.3.7",
        "picocolors": "^1.1.0",
        "source-map-js": "^1.2.1"
      },
      "engines": {
        "node": "^10 || ^12 || >=14"
      }
    },
    "node_modules/postcss-custom-media": {
      "version": "11.0.3",
      "resolved": "https://registry.npmjs.org/postcss-custom-media/-/postcss-custom-media-11.0.3.tgz",
      "integrity": "sha512-h52R7j0/QZP7NgnpsUaqx6wdssplK4U+ZuErvic2StgvXt3v5sPopFH86yjLvqz3jBrj/8Hkvr7Gio1LLRFP0g==",
      "dev": true,
      "funding": [
        {
          "type": "github",
          "url": "https://github.com/sponsors/csstools"
        },
        {
          "type": "opencollective",
          "url": "https://opencollective.com/csstools"
        }
      ],
      "license": "MIT",
      "dependencies": {
        "@csstools/cascade-layer-name-parser": "^2.0.2",
        "@csstools/css-parser-algorithms": "^3.0.2",
        "@csstools/css-tokenizer": "^3.0.2",
        "@csstools/media-query-list-parser": "^4.0.0"
      },
      "engines": {
        "node": ">=18"
      },
      "peerDependencies": {
        "postcss": "^8.4"
      }
    },
    "node_modules/source-map-js": {
      "version": "1.2.1",
      "resolved": "https://registry.npmjs.org/source-map-js/-/source-map-js-1.2.1.tgz",
      "integrity": "sha512-UXWMKhLOwVKb728IUtQPXxfYU+usdybtUrK/8uGE8CQMvrhOpwvzDBwj0QhSL7MQc7vIsISBG8VQ8+IDQxpfQA==",
      "dev": true,
      "license": "BSD-3-Clause",
      "peer": true,
      "engines": {
        "node": ">=0.10.0"
      }
    }
  }
}
